
Microsoft Visual Studio Solution File, Format Version 12.00
# Visual Studio 2012
Project("{2150E333-8FDC-42A3-9474-1A3956D46DE8}") = ".paket", ".paket", "{7E9C8F75-84EB-462B-A923-822DCFDC3730}"
	ProjectSection(SolutionItems) = preProject
		..\paket.dependencies = ..\paket.dependencies
	EndProjectSection
EndProject
Project("{FAE04EC0-301F-11D3-BF4B-00C04F79EFBC}") = "WordCount", "WordCount\WordCount.csproj", "{8D859DCB-FFB9-4822-B9D9-C9789C43EAD0}"
EndProject
Global
	GlobalSection(SolutionConfigurationPlatforms) = preSolution
		Debug|x86 = Debug|x86
		Release|x86 = Release|x86
	EndGlobalSection
	GlobalSection(ProjectConfigurationPlatforms) = postSolution
		{8D859DCB-FFB9-4822-B9D9-C9789C43EAD0}.Debug|x86.ActiveCfg = Debug|x86
		{8D859DCB-FFB9-4822-B9D9-C9789C43EAD0}.Debug|x86.Build.0 = Debug|x86
		{8D859DCB-FFB9-4822-B9D9-C9789C43EAD0}.Release|x86.ActiveCfg = Release|x86
		{8D859DCB-FFB9-4822-B9D9-C9789C43EAD0}.Release|x86.Build.0 = Release|x86
	EndGlobalSection
EndGlobal
