
# Visual Studio 14
VisualStudioVersion = 14.0.24720.0
MinimumVisualStudioVersion = 10.0.40219.1
Project("{2150E333-8FDC-42A3-9474-1A3956D46DE8}") = ".paket", ".paket", "{FCA52C08-6ECF-4418-A749-FCBBF98D9389}"
	ProjectSection(SolutionItems) = preProject
		..\paket.dependencies = ..\paket.dependencies
	EndProjectSection
EndProject
Project("{FAE04EC0-301F-11D3-BF4B-00C04F79EFBC}") = "PiCalculator", "PiCalculator.csproj", "{1EACA063-8804-4FB3-819F-1D27CAFDAE7E}"
EndProject
Global
	GlobalSection(SolutionConfigurationPlatforms) = preSolution
		Debug|Any CPU = Debug|Any CPU
		Release|Any CPU = Release|Any CPU
	EndGlobalSection
	GlobalSection(ProjectConfigurationPlatforms) = postSolution
		{1EACA063-8804-4FB3-819F-1D27CAFDAE7E}.Debug|Any CPU.ActiveCfg = Debug|Any CPU
		{1EACA063-8804-4FB3-819F-1D27CAFDAE7E}.Debug|Any CPU.Build.0 = Debug|Any CPU
		{1EACA063-8804-4FB3-819F-1D27CAFDAE7E}.Release|Any CPU.ActiveCfg = Release|Any CPU
		{1EACA063-8804-4FB3-819F-1D27CAFDAE7E}.Release|Any CPU.Build.0 = Release|Any CPU
	EndGlobalSection
	GlobalSection(SolutionProperties) = preSolution
		HideSolutionNode = FALSE
	EndGlobalSection
EndGlobal
